{
  "name": "ajs-platforms-task2",
  "version": "1.0.0",
  "lockfileVersion": 2,
  "requires": true,
  "packages": {
    "": {
      "name": "ajs-platforms-task2",
      "version": "1.0.0",
      "license": "ISC",
      "dependencies": {
        "@crowmev/ajs-platforms-task1": "^1.0.0"
      }
    },
    "node_modules/@crowmev/ajs-platforms-task1": {
      "version": "1.0.0",
      "resolved": "https://npm.pkg.github.com/download/@crowmev/ajs-platforms-task1/1.0.0/6178ca478eb0c1d24ab1740d4d7f9dc9205d79e0",
      "integrity": "sha512-k5u039AxCJnwMh7XrRPteXHAsBNohIGRbEUumaAsyqtjwzjz4AK5gi903ZpI1Ceu7A3Illh2RKZPt0VAMRrCkw==",
      "license": "ISC"
    }
  },
  "dependencies": {
    "@crowmev/ajs-platforms-task1": {
      "version": "1.0.0",
      "resolved": "https://npm.pkg.github.com/download/@crowmev/ajs-platforms-task1/1.0.0/6178ca478eb0c1d24ab1740d4d7f9dc9205d79e0",
      "integrity": "sha512-k5u039AxCJnwMh7XrRPteXHAsBNohIGRbEUumaAsyqtjwzjz4AK5gi903ZpI1Ceu7A3Illh2RKZPt0VAMRrCkw=="
    }
  }
}
